
Microsoft Visual Studio Solution File, Format Version 12.00
# Visual Studio Version 17
VisualStudioVersion = 17.6.33712.159
MinimumVisualStudioVersion = 10.0.40219.1
Project("{FAE04EC0-301F-11D3-BF4B-00C04F79EFBC}") = "Template.API", "Template.API\Template.API.csproj", "{C402B7EE-57A1-45FE-9968-B83809393165}"
EndProject
Project("{FAE04EC0-301F-11D3-BF4B-00C04F79EFBC}") = "Template.Domain", "Template.Domain\Template.Domain.csproj", "{8E6B8AD7-39B1-4EB7-8E78-1BCA5CD9870D}"
EndProject
Project("{FAE04EC0-301F-11D3-BF4B-00C04F79EFBC}") = "Template.Application", "Template.Application\Template.Application.csproj", "{F17B293B-909F-41A2-9D9C-2FC607799CE9}"
EndProject
Project("{FAE04EC0-301F-11D3-BF4B-00C04F79EFBC}") = "Template.Infrastructure", "Template.Infrastructure\Template.Infrastructure.csproj", "{B901BFC8-7A2D-47DD-97A5-FACB7361AF3E}"
EndProject
Project("{FAE04EC0-301F-11D3-BF4B-00C04F79EFBC}") = "Template.Contracts", "Template.Contracts\Template.Contracts.csproj", "{9CE8D759-FA3F-4ADD-B0F5-F0792A75A589}"
EndProject
Global
	GlobalSection(SolutionConfigurationPlatforms) = preSolution
		Debug|Any CPU = Debug|Any CPU
		Release|Any CPU = Release|Any CPU
	EndGlobalSection
	GlobalSection(ProjectConfigurationPlatforms) = postSolution
		{C402B7EE-57A1-45FE-9968-B83809393165}.Debug|Any CPU.ActiveCfg = Debug|Any CPU
		{C402B7EE-57A1-45FE-9968-B83809393165}.Debug|Any CPU.Build.0 = Debug|Any CPU
		{C402B7EE-57A1-45FE-9968-B83809393165}.Release|Any CPU.ActiveCfg = Release|Any CPU
		{C402B7EE-57A1-45FE-9968-B83809393165}.Release|Any CPU.Build.0 = Release|Any CPU
		{8E6B8AD7-39B1-4EB7-8E78-1BCA5CD9870D}.Debug|Any CPU.ActiveCfg = Debug|Any CPU
		{8E6B8AD7-39B1-4EB7-8E78-1BCA5CD9870D}.Debug|Any CPU.Build.0 = Debug|Any CPU
		{8E6B8AD7-39B1-4EB7-8E78-1BCA5CD9870D}.Release|Any CPU.ActiveCfg = Release|Any CPU
		{8E6B8AD7-39B1-4EB7-8E78-1BCA5CD9870D}.Release|Any CPU.Build.0 = Release|Any CPU
		{F17B293B-909F-41A2-9D9C-2FC607799CE9}.Debug|Any CPU.ActiveCfg = Debug|Any CPU
		{F17B293B-909F-41A2-9D9C-2FC607799CE9}.Debug|Any CPU.Build.0 = Debug|Any CPU
		{F17B293B-909F-41A2-9D9C-2FC607799CE9}.Release|Any CPU.ActiveCfg = Release|Any CPU
		{F17B293B-909F-41A2-9D9C-2FC607799CE9}.Release|Any CPU.Build.0 = Release|Any CPU
		{B901BFC8-7A2D-47DD-97A5-FACB7361AF3E}.Debug|Any CPU.ActiveCfg = Debug|Any CPU
		{B901BFC8-7A2D-47DD-97A5-FACB7361AF3E}.Debug|Any CPU.Build.0 = Debug|Any CPU
		{B901BFC8-7A2D-47DD-97A5-FACB7361AF3E}.Release|Any CPU.ActiveCfg = Release|Any CPU
		{B901BFC8-7A2D-47DD-97A5-FACB7361AF3E}.Release|Any CPU.Build.0 = Release|Any CPU
		{9CE8D759-FA3F-4ADD-B0F5-F0792A75A589}.Debug|Any CPU.ActiveCfg = Debug|Any CPU
		{9CE8D759-FA3F-4ADD-B0F5-F0792A75A589}.Debug|Any CPU.Build.0 = Debug|Any CPU
		{9CE8D759-FA3F-4ADD-B0F5-F0792A75A589}.Release|Any CPU.ActiveCfg = Release|Any CPU
		{9CE8D759-FA3F-4ADD-B0F5-F0792A75A589}.Release|Any CPU.Build.0 = Release|Any CPU
	EndGlobalSection
	GlobalSection(SolutionProperties) = preSolution
		HideSolutionNode = FALSE
	EndGlobalSection
	GlobalSection(ExtensibilityGlobals) = postSolution
		SolutionGuid = {F5FA1434-EC48-4E0D-A714-7461012DEB02}
	EndGlobalSection
EndGlobal
